
Microsoft Visual Studio Solution File, Format Version 12.00
# Visual Studio 15
VisualStudioVersion = 15.0.28010.2036
MinimumVisualStudioVersion = 10.0.40219.1
Project("{FAE04EC0-301F-11D3-BF4B-00C04F79EFBC}") = "OutageWebApp", "OutageWebApp\OutageWebApp.csproj", "{2DEE4552-0C34-42C0-ABE8-5B7937EBC7FF}"
EndProject
Project("{FAE04EC0-301F-11D3-BF4B-00C04F79EFBC}") = "OutageDataLayer", "OutageDataLayer\OutageDataLayer.csproj", "{DBA9A226-68DC-4F07-88B3-CFF253273880}"
EndProject
Global
	GlobalSection(SolutionConfigurationPlatforms) = preSolution
		Debug|Any CPU = Debug|Any CPU
		Release|Any CPU = Release|Any CPU
	EndGlobalSection
	GlobalSection(ProjectConfigurationPlatforms) = postSolution
		{2DEE4552-0C34-42C0-ABE8-5B7937EBC7FF}.Debug|Any CPU.ActiveCfg = Debug|Any CPU
		{2DEE4552-0C34-42C0-ABE8-5B7937EBC7FF}.Debug|Any CPU.Build.0 = Debug|Any CPU
		{2DEE4552-0C34-42C0-ABE8-5B7937EBC7FF}.Release|Any CPU.ActiveCfg = Release|Any CPU
		{2DEE4552-0C34-42C0-ABE8-5B7937EBC7FF}.Release|Any CPU.Build.0 = Release|Any CPU
		{DBA9A226-68DC-4F07-88B3-CFF253273880}.Debug|Any CPU.ActiveCfg = Debug|Any CPU
		{DBA9A226-68DC-4F07-88B3-CFF253273880}.Debug|Any CPU.Build.0 = Debug|Any CPU
		{DBA9A226-68DC-4F07-88B3-CFF253273880}.Release|Any CPU.ActiveCfg = Release|Any CPU
		{DBA9A226-68DC-4F07-88B3-CFF253273880}.Release|Any CPU.Build.0 = Release|Any CPU
	EndGlobalSection
	GlobalSection(SolutionProperties) = preSolution
		HideSolutionNode = FALSE
	EndGlobalSection
	GlobalSection(ExtensibilityGlobals) = postSolution
		SolutionGuid = {39310739-5FBA-44E6-B563-473F640696B3}
	EndGlobalSection
EndGlobal
